
Microsoft Visual Studio Solution File, Format Version 12.00
# Visual Studio Version 17
VisualStudioVersion = 17.2.32526.322
MinimumVisualStudioVersion = 10.0.40219.1
Project("{9A19103F-16F7-4668-BE54-9A1E7A4F7556}") = "Endor.TinyServices.OData", "Endor.TinyServices.OData\Endor.TinyServices.OData.csproj", "{A07B9B22-D20B-4A08-A2D3-00470A87E544}"
EndProject
Project("{9A19103F-16F7-4668-BE54-9A1E7A4F7556}") = "Endor.TinyServices.OData.Test", "Endor.TinyServices.OData.Test\Endor.TinyServices.OData.Test.csproj", "{6342F3DA-EE6A-4820-9637-6CDD44FF18AD}"
EndProject
Global
	GlobalSection(SolutionConfigurationPlatforms) = preSolution
		Debug|Any CPU = Debug|Any CPU
		Release|Any CPU = Release|Any CPU
	EndGlobalSection
	GlobalSection(ProjectConfigurationPlatforms) = postSolution
		{A07B9B22-D20B-4A08-A2D3-00470A87E544}.Debug|Any CPU.ActiveCfg = Debug|Any CPU
		{A07B9B22-D20B-4A08-A2D3-00470A87E544}.Debug|Any CPU.Build.0 = Debug|Any CPU
		{A07B9B22-D20B-4A08-A2D3-00470A87E544}.Release|Any CPU.ActiveCfg = Release|Any CPU
		{A07B9B22-D20B-4A08-A2D3-00470A87E544}.Release|Any CPU.Build.0 = Release|Any CPU
		{6342F3DA-EE6A-4820-9637-6CDD44FF18AD}.Debug|Any CPU.ActiveCfg = Debug|Any CPU
		{6342F3DA-EE6A-4820-9637-6CDD44FF18AD}.Debug|Any CPU.Build.0 = Debug|Any CPU
		{6342F3DA-EE6A-4820-9637-6CDD44FF18AD}.Release|Any CPU.ActiveCfg = Release|Any CPU
		{6342F3DA-EE6A-4820-9637-6CDD44FF18AD}.Release|Any CPU.Build.0 = Release|Any CPU
	EndGlobalSection
	GlobalSection(SolutionProperties) = preSolution
		HideSolutionNode = FALSE
	EndGlobalSection
	GlobalSection(ExtensibilityGlobals) = postSolution
		SolutionGuid = {51D28948-0D78-4B5A-B124-C38293E0A39D}
	EndGlobalSection
EndGlobal
